
Microsoft Visual Studio Solution File, Format Version 12.00
# Visual Studio Version 16
VisualStudioVersion = 16.0.30907.101
MinimumVisualStudioVersion = 10.0.40219.1
Project("{9A19103F-16F7-4668-BE54-9A1E7A4F7556}") = "SocialNetworkAPI", "SocialNetworkAPI\SocialNetworkAPI.csproj", "{B7060502-B6E9-4064-8607-46696E570150}"
EndProject
Project("{9A19103F-16F7-4668-BE54-9A1E7A4F7556}") = "DAL", "DAL\DAL.csproj", "{D6A364B7-B8BA-45E1-88C2-AEB2861FFA37}"
EndProject
Project("{FAE04EC0-301F-11D3-BF4B-00C04F79EFBC}") = "BLL", "BLL\BLL.csproj", "{80C3BC6B-15EC-40D4-97B8-FCE432136296}"
EndProject
Global
	GlobalSection(SolutionConfigurationPlatforms) = preSolution
		Debug|Any CPU = Debug|Any CPU
		Release|Any CPU = Release|Any CPU
	EndGlobalSection
	GlobalSection(ProjectConfigurationPlatforms) = postSolution
		{B7060502-B6E9-4064-8607-46696E570150}.Debug|Any CPU.ActiveCfg = Debug|Any CPU
		{B7060502-B6E9-4064-8607-46696E570150}.Debug|Any CPU.Build.0 = Debug|Any CPU
		{B7060502-B6E9-4064-8607-46696E570150}.Release|Any CPU.ActiveCfg = Release|Any CPU
		{B7060502-B6E9-4064-8607-46696E570150}.Release|Any CPU.Build.0 = Release|Any CPU
		{D6A364B7-B8BA-45E1-88C2-AEB2861FFA37}.Debug|Any CPU.ActiveCfg = Debug|Any CPU
		{D6A364B7-B8BA-45E1-88C2-AEB2861FFA37}.Debug|Any CPU.Build.0 = Debug|Any CPU
		{D6A364B7-B8BA-45E1-88C2-AEB2861FFA37}.Release|Any CPU.ActiveCfg = Release|Any CPU
		{D6A364B7-B8BA-45E1-88C2-AEB2861FFA37}.Release|Any CPU.Build.0 = Release|Any CPU
		{80C3BC6B-15EC-40D4-97B8-FCE432136296}.Debug|Any CPU.ActiveCfg = Debug|Any CPU
		{80C3BC6B-15EC-40D4-97B8-FCE432136296}.Debug|Any CPU.Build.0 = Debug|Any CPU
		{80C3BC6B-15EC-40D4-97B8-FCE432136296}.Release|Any CPU.ActiveCfg = Release|Any CPU
		{80C3BC6B-15EC-40D4-97B8-FCE432136296}.Release|Any CPU.Build.0 = Release|Any CPU
	EndGlobalSection
	GlobalSection(SolutionProperties) = preSolution
		HideSolutionNode = FALSE
	EndGlobalSection
	GlobalSection(ExtensibilityGlobals) = postSolution
		SolutionGuid = {0ACF67D3-DB91-429D-9027-2EA833DA73A0}
	EndGlobalSection
EndGlobal
